lockfileVersion: '6.0'

settings:
  autoInstallPeers: true
  excludeLinksFromLockfile: false

dependencies:
  '@k1350/npm-library-test':
    specifier: 0.1.1
    version: 0.1.1

devDependencies:
  typescript:
    specifier: ^5.4.2
    version: 5.4.2

packages:

  /@k1350/npm-library-test@0.1.1:
    resolution: {integrity: sha512-znVra8nP+3mnDvGTlbBVkuFcXP3ALQrFeEXI+fEbmtu+hqHisUN2VrNaapPlev1rxhBWvCtNO9QztJMCSbNL1Q==, tarball: https://npm.pkg.github.com/download/@k1350/npm-library-test/0.1.1/89350e0f9f223969a53a3f93299786a1d10c7926}
    engines: {npm: please_use_pnpm_instead, pnpm: '>=8.15.1'}
    dev: false

  /typescript@5.4.2:
    resolution: {integrity: sha512-+2/g0Fds1ERlP6JsakQQDXjZdZMM+rqpamFZJEKh4kwTIn3iDkgKtby0CeNd5ATNZ4Ry1ax15TMx0W2V+miizQ==}
    engines: {node: '>=14.17'}
    hasBin: true
    dev: true
